
Microsoft Visual Studio Solution File, Format Version 12.00
# Visual Studio Version 17
VisualStudioVersion = 17.0.31903.59
MinimumVisualStudioVersion = 10.0.40219.1
Project("{FAE04EC0-301F-11D3-BF4B-00C04F79EFBC}") = "TypedResultsApi", "TypedResultsApi\TypedResultsApi.csproj", "{61CAED4A-C9E7-41DD-9B92-972900DC3906}"
EndProject
Project("{FAE04EC0-301F-11D3-BF4B-00C04F79EFBC}") = "TypedResultsApi.Tests", "TypedResultsApi.Tests\TypedResultsApi.Tests.csproj", "{16743A9E-B9D3-477D-9FA2-953872756415}"
EndProject
Global
	GlobalSection(SolutionConfigurationPlatforms) = preSolution
		Debug|Any CPU = Debug|Any CPU
		Release|Any CPU = Release|Any CPU
	EndGlobalSection
	GlobalSection(SolutionProperties) = preSolution
		HideSolutionNode = FALSE
	EndGlobalSection
	GlobalSection(ProjectConfigurationPlatforms) = postSolution
		{61CAED4A-C9E7-41DD-9B92-972900DC3906}.Debug|Any CPU.ActiveCfg = Debug|Any CPU
		{61CAED4A-C9E7-41DD-9B92-972900DC3906}.Debug|Any CPU.Build.0 = Debug|Any CPU
		{61CAED4A-C9E7-41DD-9B92-972900DC3906}.Release|Any CPU.ActiveCfg = Release|Any CPU
		{61CAED4A-C9E7-41DD-9B92-972900DC3906}.Release|Any CPU.Build.0 = Release|Any CPU
		{16743A9E-B9D3-477D-9FA2-953872756415}.Debug|Any CPU.ActiveCfg = Debug|Any CPU
		{16743A9E-B9D3-477D-9FA2-953872756415}.Debug|Any CPU.Build.0 = Debug|Any CPU
		{16743A9E-B9D3-477D-9FA2-953872756415}.Release|Any CPU.ActiveCfg = Release|Any CPU
		{16743A9E-B9D3-477D-9FA2-953872756415}.Release|Any CPU.Build.0 = Release|Any CPU
	EndGlobalSection
EndGlobal
