
Microsoft Visual Studio Solution File, Format Version 12.00
# Visual Studio Version 17
VisualStudioVersion = 17.4.33213.308
MinimumVisualStudioVersion = 10.0.40219.1
Project("{9A19103F-16F7-4668-BE54-9A1E7A4F7556}") = "MappingTest", "MappingTest.csproj", "{7478A71C-EDB4-4A1E-AB45-D1166899B019}"
EndProject
Global
	GlobalSection(SolutionConfigurationPlatforms) = preSolution
		Debug|Any CPU = Debug|Any CPU
		Release|Any CPU = Release|Any CPU
	EndGlobalSection
	GlobalSection(ProjectConfigurationPlatforms) = postSolution
		{7478A71C-EDB4-4A1E-AB45-D1166899B019}.Debug|Any CPU.ActiveCfg = Debug|Any CPU
		{7478A71C-EDB4-4A1E-AB45-D1166899B019}.Debug|Any CPU.Build.0 = Debug|Any CPU
		{7478A71C-EDB4-4A1E-AB45-D1166899B019}.Release|Any CPU.ActiveCfg = Release|Any CPU
		{7478A71C-EDB4-4A1E-AB45-D1166899B019}.Release|Any CPU.Build.0 = Release|Any CPU
	EndGlobalSection
	GlobalSection(SolutionProperties) = preSolution
		HideSolutionNode = FALSE
	EndGlobalSection
	GlobalSection(ExtensibilityGlobals) = postSolution
		SolutionGuid = {466F9901-FAA2-4B06-904C-EF793CDE8488}
	EndGlobalSection
EndGlobal
