
Microsoft Visual Studio Solution File, Format Version 12.00
# Visual Studio Version 17
VisualStudioVersion = 17.12.35410.144 d17.12
MinimumVisualStudioVersion = 10.0.40219.1
Project("{FAE04EC0-301F-11D3-BF4B-00C04F79EFBC}") = "CleaningUp", "CleaningUp.csproj", "{27AAC4B0-70B0-48D2-9D29-5C74164B5033}"
EndProject
Global
	GlobalSection(SolutionConfigurationPlatforms) = preSolution
		Debug|Any CPU = Debug|Any CPU
		Release|Any CPU = Release|Any CPU
	EndGlobalSection
	GlobalSection(ProjectConfigurationPlatforms) = postSolution
		{27AAC4B0-70B0-48D2-9D29-5C74164B5033}.Debug|Any CPU.ActiveCfg = Debug|Any CPU
		{27AAC4B0-70B0-48D2-9D29-5C74164B5033}.Debug|Any CPU.Build.0 = Debug|Any CPU
		{27AAC4B0-70B0-48D2-9D29-5C74164B5033}.Release|Any CPU.ActiveCfg = Release|Any CPU
		{27AAC4B0-70B0-48D2-9D29-5C74164B5033}.Release|Any CPU.Build.0 = Release|Any CPU
	EndGlobalSection
	GlobalSection(SolutionProperties) = preSolution
		HideSolutionNode = FALSE
	EndGlobalSection
EndGlobal
