
Microsoft Visual Studio Solution File, Format Version 12.00
# Visual Studio Version 17
VisualStudioVersion = 17.0.31903.59
MinimumVisualStudioVersion = 10.0.40219.1
Project("{FAE04EC0-301F-11D3-BF4B-00C04F79EFBC}") = "FunWithDevKit", "FunWithDevKit\FunWithDevKit.csproj", "{900C6A20-5DEC-4533-9DA2-7D407DA55FAB}"
EndProject
Global
	GlobalSection(SolutionConfigurationPlatforms) = preSolution
		Debug|Any CPU = Debug|Any CPU
		Release|Any CPU = Release|Any CPU
	EndGlobalSection
	GlobalSection(SolutionProperties) = preSolution
		HideSolutionNode = FALSE
	EndGlobalSection
	GlobalSection(ProjectConfigurationPlatforms) = postSolution
		{900C6A20-5DEC-4533-9DA2-7D407DA55FAB}.Debug|Any CPU.ActiveCfg = Debug|Any CPU
		{900C6A20-5DEC-4533-9DA2-7D407DA55FAB}.Debug|Any CPU.Build.0 = Debug|Any CPU
		{900C6A20-5DEC-4533-9DA2-7D407DA55FAB}.Release|Any CPU.ActiveCfg = Release|Any CPU
		{900C6A20-5DEC-4533-9DA2-7D407DA55FAB}.Release|Any CPU.Build.0 = Release|Any CPU
	EndGlobalSection
EndGlobal
