
Microsoft Visual Studio Solution File, Format Version 12.00
# Visual Studio Version 17
VisualStudioVersion = 17.7.33711.374
MinimumVisualStudioVersion = 10.0.40219.1
Project("{FAE04EC0-301F-11D3-BF4B-00C04F79EFBC}") = "RouteImprovements", "RouteImprovements.csproj", "{FC67BBC9-8B2E-4F86-B344-D429F18A2AB9}"
EndProject
Global
	GlobalSection(SolutionConfigurationPlatforms) = preSolution
		Debug|Any CPU = Debug|Any CPU
		Release|Any CPU = Release|Any CPU
	EndGlobalSection
	GlobalSection(ProjectConfigurationPlatforms) = postSolution
		{FC67BBC9-8B2E-4F86-B344-D429F18A2AB9}.Debug|Any CPU.ActiveCfg = Debug|Any CPU
		{FC67BBC9-8B2E-4F86-B344-D429F18A2AB9}.Debug|Any CPU.Build.0 = Debug|Any CPU
		{FC67BBC9-8B2E-4F86-B344-D429F18A2AB9}.Release|Any CPU.ActiveCfg = Release|Any CPU
		{FC67BBC9-8B2E-4F86-B344-D429F18A2AB9}.Release|Any CPU.Build.0 = Release|Any CPU
	EndGlobalSection
	GlobalSection(SolutionProperties) = preSolution
		HideSolutionNode = FALSE
	EndGlobalSection
	GlobalSection(ExtensibilityGlobals) = postSolution
		SolutionGuid = {DF6E6A20-0F44-488F-9AD9-A374BB253349}
	EndGlobalSection
EndGlobal
