
Microsoft Visual Studio Solution File, Format Version 12.00
# Visual Studio Version 17
VisualStudioVersion = 17.13.35723.152 d17.13
MinimumVisualStudioVersion = 10.0.40219.1
Project("{FAE04EC0-301F-11D3-BF4B-00C04F79EFBC}") = "DevSqlServer", "DevSqlServer.csproj", "{F693BA0F-E82D-17D4-9118-0C75CC2B18DF}"
EndProject
Global
	GlobalSection(SolutionConfigurationPlatforms) = preSolution
		Debug|Any CPU = Debug|Any CPU
		Release|Any CPU = Release|Any CPU
	EndGlobalSection
	GlobalSection(ProjectConfigurationPlatforms) = postSolution
		{F693BA0F-E82D-17D4-9118-0C75CC2B18DF}.Debug|Any CPU.ActiveCfg = Debug|Any CPU
		{F693BA0F-E82D-17D4-9118-0C75CC2B18DF}.Debug|Any CPU.Build.0 = Debug|Any CPU
		{F693BA0F-E82D-17D4-9118-0C75CC2B18DF}.Release|Any CPU.ActiveCfg = Release|Any CPU
		{F693BA0F-E82D-17D4-9118-0C75CC2B18DF}.Release|Any CPU.Build.0 = Release|Any CPU
	EndGlobalSection
	GlobalSection(SolutionProperties) = preSolution
		HideSolutionNode = FALSE
	EndGlobalSection
	GlobalSection(ExtensibilityGlobals) = postSolution
		SolutionGuid = {1588B1F8-8DDA-469C-862F-C6799A52C789}
	EndGlobalSection
EndGlobal
