
Microsoft Visual Studio Solution File, Format Version 12.00
# Visual Studio Version 17
VisualStudioVersion = 17.4.33213.308
MinimumVisualStudioVersion = 10.0.40219.1
Project("{9A19103F-16F7-4668-BE54-9A1E7A4F7556}") = "VitePwa", "VitePwa.csproj", "{82F69554-AB3F-48BB-89BB-C88C23808978}"
EndProject
Global
	GlobalSection(SolutionConfigurationPlatforms) = preSolution
		Debug|Any CPU = Debug|Any CPU
		Release|Any CPU = Release|Any CPU
	EndGlobalSection
	GlobalSection(ProjectConfigurationPlatforms) = postSolution
		{82F69554-AB3F-48BB-89BB-C88C23808978}.Debug|Any CPU.ActiveCfg = Debug|Any CPU
		{82F69554-AB3F-48BB-89BB-C88C23808978}.Debug|Any CPU.Build.0 = Debug|Any CPU
		{82F69554-AB3F-48BB-89BB-C88C23808978}.Release|Any CPU.ActiveCfg = Release|Any CPU
		{82F69554-AB3F-48BB-89BB-C88C23808978}.Release|Any CPU.Build.0 = Release|Any CPU
	EndGlobalSection
	GlobalSection(SolutionProperties) = preSolution
		HideSolutionNode = FALSE
	EndGlobalSection
	GlobalSection(ExtensibilityGlobals) = postSolution
		SolutionGuid = {45D1AC8F-EA82-43DB-BDA0-8DB38F12E456}
	EndGlobalSection
EndGlobal
