
Microsoft Visual Studio Solution File, Format Version 12.00
# Visual Studio Version 17
VisualStudioVersion = 17.1.32414.318
MinimumVisualStudioVersion = 10.0.40219.1
Project("{9A19103F-16F7-4668-BE54-9A1E7A4F7556}") = "DemoAPI", "DemoAPI.csproj", "{07F6167A-98D2-4106-8EA1-8EAC29D4FF83}"
EndProject
Global
	GlobalSection(SolutionConfigurationPlatforms) = preSolution
		Debug|Any CPU = Debug|Any CPU
		Release|Any CPU = Release|Any CPU
	EndGlobalSection
	GlobalSection(ProjectConfigurationPlatforms) = postSolution
		{07F6167A-98D2-4106-8EA1-8EAC29D4FF83}.Debug|Any CPU.ActiveCfg = Debug|Any CPU
		{07F6167A-98D2-4106-8EA1-8EAC29D4FF83}.Debug|Any CPU.Build.0 = Debug|Any CPU
		{07F6167A-98D2-4106-8EA1-8EAC29D4FF83}.Release|Any CPU.ActiveCfg = Release|Any CPU
		{07F6167A-98D2-4106-8EA1-8EAC29D4FF83}.Release|Any CPU.Build.0 = Release|Any CPU
	EndGlobalSection
	GlobalSection(SolutionProperties) = preSolution
		HideSolutionNode = FALSE
	EndGlobalSection
	GlobalSection(ExtensibilityGlobals) = postSolution
		SolutionGuid = {19C51DC3-1606-47A6-A04D-7F92CC4AA5E0}
	EndGlobalSection
EndGlobal
