
Microsoft Visual Studio Solution File, Format Version 12.00
# Visual Studio Version 17
VisualStudioVersion = 17.4.33122.133
MinimumVisualStudioVersion = 10.0.40219.1
Project("{9A19103F-16F7-4668-BE54-9A1E7A4F7556}") = "FakingIt", "FakingIt.csproj", "{96260FD6-8E69-4DED-B980-F2A6EBC1035D}"
EndProject
Global
	GlobalSection(SolutionConfigurationPlatforms) = preSolution
		Debug|Any CPU = Debug|Any CPU
		Release|Any CPU = Release|Any CPU
	EndGlobalSection
	GlobalSection(ProjectConfigurationPlatforms) = postSolution
		{96260FD6-8E69-4DED-B980-F2A6EBC1035D}.Debug|Any CPU.ActiveCfg = Debug|Any CPU
		{96260FD6-8E69-4DED-B980-F2A6EBC1035D}.Debug|Any CPU.Build.0 = Debug|Any CPU
		{96260FD6-8E69-4DED-B980-F2A6EBC1035D}.Release|Any CPU.ActiveCfg = Release|Any CPU
		{96260FD6-8E69-4DED-B980-F2A6EBC1035D}.Release|Any CPU.Build.0 = Release|Any CPU
	EndGlobalSection
	GlobalSection(SolutionProperties) = preSolution
		HideSolutionNode = FALSE
	EndGlobalSection
	GlobalSection(ExtensibilityGlobals) = postSolution
		SolutionGuid = {C6454BDD-0232-474B-A7DD-8411FF1D06E9}
	EndGlobalSection
EndGlobal
