
Microsoft Visual Studio Solution File, Format Version 12.00
# Visual Studio Version 17
VisualStudioVersion = 17.12.35323.107
MinimumVisualStudioVersion = 10.0.40219.1
Project("{FAE04EC0-301F-11D3-BF4B-00C04F79EFBC}") = "WrongAboutBlazor", "WrongAboutBlazor.csproj", "{790B88AC-7DF1-4451-AAD9-6E65B232878C}"
EndProject
Global
	GlobalSection(SolutionConfigurationPlatforms) = preSolution
		Debug|Any CPU = Debug|Any CPU
		Release|Any CPU = Release|Any CPU
	EndGlobalSection
	GlobalSection(ProjectConfigurationPlatforms) = postSolution
		{790B88AC-7DF1-4451-AAD9-6E65B232878C}.Debug|Any CPU.ActiveCfg = Debug|Any CPU
		{790B88AC-7DF1-4451-AAD9-6E65B232878C}.Debug|Any CPU.Build.0 = Debug|Any CPU
		{790B88AC-7DF1-4451-AAD9-6E65B232878C}.Release|Any CPU.ActiveCfg = Release|Any CPU
		{790B88AC-7DF1-4451-AAD9-6E65B232878C}.Release|Any CPU.Build.0 = Release|Any CPU
	EndGlobalSection
	GlobalSection(SolutionProperties) = preSolution
		HideSolutionNode = FALSE
	EndGlobalSection
	GlobalSection(ExtensibilityGlobals) = postSolution
		SolutionGuid = {0B4C28D7-DA7F-4836-B0CC-C87861856BB1}
	EndGlobalSection
EndGlobal
