{
  "name": "before",
  "version": "1.0.0",
  "lockfileVersion": 2,
  "requires": true,
  "packages": {
    "": {
      "name": "before",
      "version": "1.0.0",
      "license": "ISC",
      "dependencies": {
        "bogus.js": "^2.0.0"
      }
    },
    "node_modules/bogus.js": {
      "version": "2.0.0",
      "resolved": "https://registry.npmjs.org/bogus.js/-/bogus.js-2.0.0.tgz",
      "integrity": "sha512-XMYkq7LKe6mfND2NkaS7ztmQ5Rf6Bq06bx2wDBjwK1m1i4rKSmZZrDxXMnSWD9An6+sjgmXtUh0SstWtW78QeA==",
      "dependencies": {
        "hogan.js": "2.0.0",
        "underscore": "1"
      },
      "engines": {
        "node": "*"
      }
    },
    "node_modules/hogan.js": {
      "version": "2.0.0",
      "resolved": "https://registry.npmjs.org/hogan.js/-/hogan.js-2.0.0.tgz",
      "integrity": "sha512-urTqVvefaiu6ZqpIVQklkbu6tuqUQSv0pfgnG02ibeAC4ZFG0Rj2uDjH45eUcIEyLFjPsh1mxgeqd9BYldWrgg==",
      "bin": {
        "hulk": "bin/hulk"
      },
      "engines": {
        "node": "*"
      }
    },
    "node_modules/underscore": {
      "version": "1.13.6",
      "resolved": "https://registry.npmjs.org/underscore/-/underscore-1.13.6.tgz",
      "integrity": "sha512-+A5Sja4HP1M08MaXya7p5LvjuM7K6q/2EaC0+iovj/wOcMsTzMvDFbasi/oSapiwOlt252IqsKqPjCl7huKS0A=="
    }
  },
  "dependencies": {
    "bogus.js": {
      "version": "2.0.0",
      "resolved": "https://registry.npmjs.org/bogus.js/-/bogus.js-2.0.0.tgz",
      "integrity": "sha512-XMYkq7LKe6mfND2NkaS7ztmQ5Rf6Bq06bx2wDBjwK1m1i4rKSmZZrDxXMnSWD9An6+sjgmXtUh0SstWtW78QeA==",
      "requires": {
        "hogan.js": "2.0.0",
        "underscore": "1"
      }
    },
    "hogan.js": {
      "version": "2.0.0",
      "resolved": "https://registry.npmjs.org/hogan.js/-/hogan.js-2.0.0.tgz",
      "integrity": "sha512-urTqVvefaiu6ZqpIVQklkbu6tuqUQSv0pfgnG02ibeAC4ZFG0Rj2uDjH45eUcIEyLFjPsh1mxgeqd9BYldWrgg=="
    },
    "underscore": {
      "version": "1.13.6",
      "resolved": "https://registry.npmjs.org/underscore/-/underscore-1.13.6.tgz",
      "integrity": "sha512-+A5Sja4HP1M08MaXya7p5LvjuM7K6q/2EaC0+iovj/wOcMsTzMvDFbasi/oSapiwOlt252IqsKqPjCl7huKS0A=="
    }
  }
}
