
Microsoft Visual Studio Solution File, Format Version 12.00
# Visual Studio Version 17
VisualStudioVersion = 17.7.33920.267
MinimumVisualStudioVersion = 10.0.40219.1
Project("{54A90642-561A-4BB1-A94E-469ADEE60C69}") = "vueapp", "vueapp\vueapp.esproj", "{F50111BB-CD57-478E-9896-AABF7F78EA08}"
EndProject
Project("{9A19103F-16F7-4668-BE54-9A1E7A4F7556}") = "webapi", "webapi\webapi.csproj", "{9544FD6F-7E7E-404C-A111-E2F75C34A0EF}"
EndProject
Global
	GlobalSection(SolutionConfigurationPlatforms) = preSolution
		Debug|Any CPU = Debug|Any CPU
		Release|Any CPU = Release|Any CPU
	EndGlobalSection
	GlobalSection(ProjectConfigurationPlatforms) = postSolution
		{F50111BB-CD57-478E-9896-AABF7F78EA08}.Debug|Any CPU.ActiveCfg = Debug|Any CPU
		{F50111BB-CD57-478E-9896-AABF7F78EA08}.Release|Any CPU.ActiveCfg = Release|Any CPU
		{F50111BB-CD57-478E-9896-AABF7F78EA08}.Release|Any CPU.Build.0 = Release|Any CPU
		{F50111BB-CD57-478E-9896-AABF7F78EA08}.Release|Any CPU.Deploy.0 = Release|Any CPU
		{9544FD6F-7E7E-404C-A111-E2F75C34A0EF}.Debug|Any CPU.ActiveCfg = Debug|Any CPU
		{9544FD6F-7E7E-404C-A111-E2F75C34A0EF}.Debug|Any CPU.Build.0 = Debug|Any CPU
		{9544FD6F-7E7E-404C-A111-E2F75C34A0EF}.Release|Any CPU.ActiveCfg = Release|Any CPU
		{9544FD6F-7E7E-404C-A111-E2F75C34A0EF}.Release|Any CPU.Build.0 = Release|Any CPU
	EndGlobalSection
	GlobalSection(SolutionProperties) = preSolution
		HideSolutionNode = FALSE
	EndGlobalSection
	GlobalSection(ExtensibilityGlobals) = postSolution
		SolutionGuid = {785C2CC8-098D-4D1E-9FDF-2C8FEE0BCC06}
	EndGlobalSection
EndGlobal
