
Microsoft Visual Studio Solution File, Format Version 12.00
# Visual Studio Version 17
VisualStudioVersion = 17.8.34004.107
MinimumVisualStudioVersion = 10.0.40219.1
Project("{FAE04EC0-301F-11D3-BF4B-00C04F79EFBC}") = "IdentityTokenApp", "IdentityTokenApp.csproj", "{9F2255EC-5BDD-428B-A91C-09FF19E0B591}"
EndProject
Global
	GlobalSection(SolutionConfigurationPlatforms) = preSolution
		Debug|Any CPU = Debug|Any CPU
		Release|Any CPU = Release|Any CPU
	EndGlobalSection
	GlobalSection(ProjectConfigurationPlatforms) = postSolution
		{9F2255EC-5BDD-428B-A91C-09FF19E0B591}.Debug|Any CPU.ActiveCfg = Debug|Any CPU
		{9F2255EC-5BDD-428B-A91C-09FF19E0B591}.Debug|Any CPU.Build.0 = Debug|Any CPU
		{9F2255EC-5BDD-428B-A91C-09FF19E0B591}.Release|Any CPU.ActiveCfg = Release|Any CPU
		{9F2255EC-5BDD-428B-A91C-09FF19E0B591}.Release|Any CPU.Build.0 = Release|Any CPU
	EndGlobalSection
	GlobalSection(SolutionProperties) = preSolution
		HideSolutionNode = FALSE
	EndGlobalSection
	GlobalSection(ExtensibilityGlobals) = postSolution
		SolutionGuid = {D39CD4F0-6370-4246-9F8D-D3B756F04361}
	EndGlobalSection
EndGlobal
