
Microsoft Visual Studio Solution File, Format Version 12.00
# Visual Studio Version 17
VisualStudioVersion = 17.13.35617.110 d17.13
MinimumVisualStudioVersion = 10.0.40219.1
Project("{FAE04EC0-301F-11D3-BF4B-00C04F79EFBC}") = "NewEfFeatures", "NewEfFeatures.csproj", "{BC7A9D18-7610-4E63-A541-A767B0823DB3}"
EndProject
Global
	GlobalSection(SolutionConfigurationPlatforms) = preSolution
		Debug|Any CPU = Debug|Any CPU
		Release|Any CPU = Release|Any CPU
	EndGlobalSection
	GlobalSection(ProjectConfigurationPlatforms) = postSolution
		{BC7A9D18-7610-4E63-A541-A767B0823DB3}.Debug|Any CPU.ActiveCfg = Debug|Any CPU
		{BC7A9D18-7610-4E63-A541-A767B0823DB3}.Debug|Any CPU.Build.0 = Debug|Any CPU
		{BC7A9D18-7610-4E63-A541-A767B0823DB3}.Release|Any CPU.ActiveCfg = Release|Any CPU
		{BC7A9D18-7610-4E63-A541-A767B0823DB3}.Release|Any CPU.Build.0 = Release|Any CPU
	EndGlobalSection
	GlobalSection(SolutionProperties) = preSolution
		HideSolutionNode = FALSE
	EndGlobalSection
	GlobalSection(ExtensibilityGlobals) = postSolution
		SolutionGuid = {78F8915B-1F3A-4895-A079-82FD8C8B27C4}
	EndGlobalSection
EndGlobal
