
Microsoft Visual Studio Solution File, Format Version 12.00
# Visual Studio Version 17
VisualStudioVersion = 17.0.31903.59
MinimumVisualStudioVersion = 10.0.40219.1
Project("{9A19103F-16F7-4668-BE54-9A1E7A4F7556}") = "Dealership", "Dealership\Dealership.csproj", "{893B459D-427F-4C7A-933F-4400BC47B1CE}"
EndProject
Project("{FAE04EC0-301F-11D3-BF4B-00C04F79EFBC}") = "Dealership.Tests", "Dealership.Tests\Dealership.Tests.csproj", "{EF8CFC9D-0E27-4BC7-83E5-A2764DB76886}"
EndProject
Global
	GlobalSection(SolutionConfigurationPlatforms) = preSolution
		Debug|Any CPU = Debug|Any CPU
		Release|Any CPU = Release|Any CPU
	EndGlobalSection
	GlobalSection(ProjectConfigurationPlatforms) = postSolution
		{893B459D-427F-4C7A-933F-4400BC47B1CE}.Debug|Any CPU.ActiveCfg = Debug|Any CPU
		{893B459D-427F-4C7A-933F-4400BC47B1CE}.Debug|Any CPU.Build.0 = Debug|Any CPU
		{893B459D-427F-4C7A-933F-4400BC47B1CE}.Release|Any CPU.ActiveCfg = Release|Any CPU
		{893B459D-427F-4C7A-933F-4400BC47B1CE}.Release|Any CPU.Build.0 = Release|Any CPU
		{EF8CFC9D-0E27-4BC7-83E5-A2764DB76886}.Debug|Any CPU.ActiveCfg = Debug|Any CPU
		{EF8CFC9D-0E27-4BC7-83E5-A2764DB76886}.Debug|Any CPU.Build.0 = Debug|Any CPU
		{EF8CFC9D-0E27-4BC7-83E5-A2764DB76886}.Release|Any CPU.ActiveCfg = Release|Any CPU
		{EF8CFC9D-0E27-4BC7-83E5-A2764DB76886}.Release|Any CPU.Build.0 = Release|Any CPU
	EndGlobalSection
	GlobalSection(SolutionProperties) = preSolution
		HideSolutionNode = FALSE
	EndGlobalSection
EndGlobal
