
Microsoft Visual Studio Solution File, Format Version 12.00
# Visual Studio Version 17
VisualStudioVersion = 17.9.34607.119
MinimumVisualStudioVersion = 10.0.40219.1
Project("{FAE04EC0-301F-11D3-BF4B-00C04F79EFBC}") = "TestVue.Server", "TestVue.Server\TestVue.Server.csproj", "{09EBC1FD-FDDD-40AB-9765-137F2EDC5831}"
EndProject
Project("{54A90642-561A-4BB1-A94E-469ADEE60C69}") = "testvue.client", "testvue.client\testvue.client.esproj", "{8071A381-E062-45D1-B198-692DD7EC1C1E}"
EndProject
Global
	GlobalSection(SolutionConfigurationPlatforms) = preSolution
		Debug|Any CPU = Debug|Any CPU
		Release|Any CPU = Release|Any CPU
	EndGlobalSection
	GlobalSection(ProjectConfigurationPlatforms) = postSolution
		{09EBC1FD-FDDD-40AB-9765-137F2EDC5831}.Debug|Any CPU.ActiveCfg = Debug|Any CPU
		{09EBC1FD-FDDD-40AB-9765-137F2EDC5831}.Debug|Any CPU.Build.0 = Debug|Any CPU
		{09EBC1FD-FDDD-40AB-9765-137F2EDC5831}.Release|Any CPU.ActiveCfg = Release|Any CPU
		{09EBC1FD-FDDD-40AB-9765-137F2EDC5831}.Release|Any CPU.Build.0 = Release|Any CPU
		{8071A381-E062-45D1-B198-692DD7EC1C1E}.Debug|Any CPU.ActiveCfg = Debug|Any CPU
		{8071A381-E062-45D1-B198-692DD7EC1C1E}.Debug|Any CPU.Build.0 = Debug|Any CPU
		{8071A381-E062-45D1-B198-692DD7EC1C1E}.Debug|Any CPU.Deploy.0 = Debug|Any CPU
		{8071A381-E062-45D1-B198-692DD7EC1C1E}.Release|Any CPU.ActiveCfg = Release|Any CPU
		{8071A381-E062-45D1-B198-692DD7EC1C1E}.Release|Any CPU.Build.0 = Release|Any CPU
		{8071A381-E062-45D1-B198-692DD7EC1C1E}.Release|Any CPU.Deploy.0 = Release|Any CPU
	EndGlobalSection
	GlobalSection(SolutionProperties) = preSolution
		HideSolutionNode = FALSE
	EndGlobalSection
	GlobalSection(ExtensibilityGlobals) = postSolution
		SolutionGuid = {4B6268CD-2121-43D1-BE98-E9B518AFD20B}
	EndGlobalSection
EndGlobal
