
Microsoft Visual Studio Solution File, Format Version 12.00
# Visual Studio Version 17
VisualStudioVersion = 17.5.33414.496
MinimumVisualStudioVersion = 10.0.40219.1
Project("{9A19103F-16F7-4668-BE54-9A1E7A4F7556}") = "SampleGenerator", "SampleGenerator.csproj", "{BA2A07FE-E179-4FA9-95CB-594B83D43390}"
EndProject
Project("{FAE04EC0-301F-11D3-BF4B-00C04F79EFBC}") = "TheConsole", "..\TheConsole\TheConsole.csproj", "{6CA69F62-5761-4211-946E-65BE2DD6756F}"
EndProject
Global
	GlobalSection(SolutionConfigurationPlatforms) = preSolution
		Debug|Any CPU = Debug|Any CPU
		Release|Any CPU = Release|Any CPU
	EndGlobalSection
	GlobalSection(ProjectConfigurationPlatforms) = postSolution
		{BA2A07FE-E179-4FA9-95CB-594B83D43390}.Debug|Any CPU.ActiveCfg = Debug|Any CPU
		{BA2A07FE-E179-4FA9-95CB-594B83D43390}.Debug|Any CPU.Build.0 = Debug|Any CPU
		{BA2A07FE-E179-4FA9-95CB-594B83D43390}.Release|Any CPU.ActiveCfg = Release|Any CPU
		{BA2A07FE-E179-4FA9-95CB-594B83D43390}.Release|Any CPU.Build.0 = Release|Any CPU
		{6CA69F62-5761-4211-946E-65BE2DD6756F}.Debug|Any CPU.ActiveCfg = Debug|Any CPU
		{6CA69F62-5761-4211-946E-65BE2DD6756F}.Debug|Any CPU.Build.0 = Debug|Any CPU
		{6CA69F62-5761-4211-946E-65BE2DD6756F}.Release|Any CPU.ActiveCfg = Release|Any CPU
		{6CA69F62-5761-4211-946E-65BE2DD6756F}.Release|Any CPU.Build.0 = Release|Any CPU
	EndGlobalSection
	GlobalSection(SolutionProperties) = preSolution
		HideSolutionNode = FALSE
	EndGlobalSection
	GlobalSection(ExtensibilityGlobals) = postSolution
		SolutionGuid = {58B5C2A0-0927-4132-9ACB-B7D46FF8EC1B}
	EndGlobalSection
EndGlobal
