
Microsoft Visual Studio Solution File, Format Version 12.00
# Visual Studio Version 17
VisualStudioVersion = 17.7.33711.374
MinimumVisualStudioVersion = 10.0.40219.1
Project("{9A19103F-16F7-4668-BE54-9A1E7A4F7556}") = "PersonalSecrets", "PersonalSecrets.csproj", "{C852799A-8087-4A17-847F-914CB019A654}"
EndProject
Global
	GlobalSection(SolutionConfigurationPlatforms) = preSolution
		Debug|Any CPU = Debug|Any CPU
		Release|Any CPU = Release|Any CPU
	EndGlobalSection
	GlobalSection(ProjectConfigurationPlatforms) = postSolution
		{C852799A-8087-4A17-847F-914CB019A654}.Debug|Any CPU.ActiveCfg = Debug|Any CPU
		{C852799A-8087-4A17-847F-914CB019A654}.Debug|Any CPU.Build.0 = Debug|Any CPU
		{C852799A-8087-4A17-847F-914CB019A654}.Release|Any CPU.ActiveCfg = Release|Any CPU
		{C852799A-8087-4A17-847F-914CB019A654}.Release|Any CPU.Build.0 = Release|Any CPU
	EndGlobalSection
	GlobalSection(SolutionProperties) = preSolution
		HideSolutionNode = FALSE
	EndGlobalSection
	GlobalSection(ExtensibilityGlobals) = postSolution
		SolutionGuid = {8A9AFAB2-1C14-4A2C-A8C5-D6F0C1091127}
	EndGlobalSection
EndGlobal
