
Microsoft Visual Studio Solution File, Format Version 12.00
# Visual Studio Version 17
VisualStudioVersion = 17.5.001.0
MinimumVisualStudioVersion = 10.0.40219.1
Project("{9A19103F-16F7-4668-BE54-9A1E7A4F7556}") = "FunWithDevKit", "FunWithDevKit.csproj", "{349B16EB-08A9-45B1-B566-2DE2BC00BE6E}"
EndProject
Project("{FAE04EC0-301F-11D3-BF4B-00C04F79EFBC}") = "DevKit.Tests", "DevKit.Tests\DevKit.Tests.csproj", "{DAA1DC2A-A054-4A5B-A202-A0242A9ED79B}"
EndProject
Global
	GlobalSection(SolutionConfigurationPlatforms) = preSolution
		Debug|Any CPU = Debug|Any CPU
		Release|Any CPU = Release|Any CPU
	EndGlobalSection
	GlobalSection(ProjectConfigurationPlatforms) = postSolution
		{349B16EB-08A9-45B1-B566-2DE2BC00BE6E}.Debug|Any CPU.ActiveCfg = Debug|Any CPU
		{349B16EB-08A9-45B1-B566-2DE2BC00BE6E}.Debug|Any CPU.Build.0 = Debug|Any CPU
		{349B16EB-08A9-45B1-B566-2DE2BC00BE6E}.Release|Any CPU.ActiveCfg = Release|Any CPU
		{349B16EB-08A9-45B1-B566-2DE2BC00BE6E}.Release|Any CPU.Build.0 = Release|Any CPU
		{DAA1DC2A-A054-4A5B-A202-A0242A9ED79B}.Debug|Any CPU.ActiveCfg = Debug|Any CPU
		{DAA1DC2A-A054-4A5B-A202-A0242A9ED79B}.Debug|Any CPU.Build.0 = Debug|Any CPU
		{DAA1DC2A-A054-4A5B-A202-A0242A9ED79B}.Release|Any CPU.ActiveCfg = Release|Any CPU
		{DAA1DC2A-A054-4A5B-A202-A0242A9ED79B}.Release|Any CPU.Build.0 = Release|Any CPU
	EndGlobalSection
	GlobalSection(SolutionProperties) = preSolution
		HideSolutionNode = FALSE
	EndGlobalSection
	GlobalSection(ExtensibilityGlobals) = postSolution
		SolutionGuid = {64F8AB79-FBC1-45B1-A796-C30D47579D40}
	EndGlobalSection
EndGlobal
